
Microsoft Visual Studio Solution File, Format Version 12.00
# Visual Studio 15
VisualStudioVersion = 15.0.28010.2036
MinimumVisualStudioVersion = 10.0.40219.1
Project("{FAE04EC0-301F-11D3-BF4B-00C04F79EFBC}") = "CollectionH", "CollectionH\CollectionH.csproj", "{BE625794-3C2B-4673-BBB8-F0161E539A03}"
EndProject
Global
	GlobalSection(SolutionConfigurationPlatforms) = preSolution
		Debug|Any CPU = Debug|Any CPU
		Release|Any CPU = Release|Any CPU
	EndGlobalSection
	GlobalSection(ProjectConfigurationPlatforms) = postSolution
		{BE625794-3C2B-4673-BBB8-F0161E539A03}.Debug|Any CPU.ActiveCfg = Debug|Any CPU
		{BE625794-3C2B-4673-BBB8-F0161E539A03}.Debug|Any CPU.Build.0 = Debug|Any CPU
		{BE625794-3C2B-4673-BBB8-F0161E539A03}.Release|Any CPU.ActiveCfg = Release|Any CPU
		{BE625794-3C2B-4673-BBB8-F0161E539A03}.Release|Any CPU.Build.0 = Release|Any CPU
	EndGlobalSection
	GlobalSection(SolutionProperties) = preSolution
		HideSolutionNode = FALSE
	EndGlobalSection
	GlobalSection(ExtensibilityGlobals) = postSolution
		SolutionGuid = {19C49AFB-B946-4321-9A48-D61480B9EEF8}
	EndGlobalSection
EndGlobal
